{
  "schemaVersion": "pipeline-run-v2-lock-1",
  "state": "completed-prefetch",
  "runId": "2026-08-18_20260818235350_pid13060_prefetch-only",
  "pid": 13060,
  "year": "2026",
  "from": "2026-08-18",
  "to": "2026-08-18",
  "mode": "prefetch-only",
  "startedAtJst": "2026-08-18 23:53:50 JST",
  "completedAtJst": "2026-08-19 00:05:19 JST",
  "updatedAtJst": "2026-08-19 00:05:19 JST"
}